{
  "version": 4,
  "terraform_version": "1.3.3",
  "serial": 9,
  "lineage": "cdfe42ce-a476-91da-a656-be4bf52bbd4c",
  "outputs": {},
  "resources": [
    {
      "module": "module.apigee_x",
      "mode": "data",
      "type": "google_client_config",
      "name": "current",
      "provider": "provider[\"registry.terraform.io/hashicorp/google\"]",
      "instances": [
        {
          "schema_version": 0,
          "attributes": {
            "access_token": "ya29.a0Aa4xrXOWcyCw7szPYq2JthVFHPlFrhbGZoxL_B7oa9Bj4oX5GuzJXAmBDJF0KvtWSYv3xOhzkdnpV9sRydpK95Cs9awjcJ1YWfSnSVlGHavXl8gqfIBMAKbQAawTNmhjfD1nxsmXzzOw56DJJI5K0d1e_dqpcwQaCgYKATASARISFQEjDvL9fg3kLD9F1chylzjk4BNRuQ0166",
            "id": "projects//regions//zones/",
            "project": "",
            "region": "",
            "zone": ""
          },
          "sensitive_attributes": []
        }
      ]
    },
    {
      "module": "module.apigee_x",
      "mode": "data",
      "type": "google_compute_network",
      "name": "vpc",
      "provider": "provider[\"registry.terraform.io/hashicorp/google\"]",
      "instances": [
        {
          "schema_version": 0,
          "attributes": {
            "description": "Default network for the project",
            "gateway_ipv4": "",
            "id": "projects/tb-shared-apigee/global/networks/default",
            "name": "default",
            "project": "tb-shared-apigee",
            "self_link": "https://www.googleapis.com/compute/v1/projects/tb-shared-apigee/global/networks/default",
            "subnetworks_self_links": [
              "https://www.googleapis.com/compute/v1/projects/tb-shared-apigee/regions/us-west1/subnetworks/default",
              "https://www.googleapis.com/compute/v1/projects/tb-shared-apigee/regions/northamerica-northeast1/subnetworks/default",
              "https://www.googleapis.com/compute/v1/projects/tb-shared-apigee/regions/europe-west6/subnetworks/default",
              "https://www.googleapis.com/compute/v1/projects/tb-shared-apigee/regions/us-east1/subnetworks/default",
              "https://www.googleapis.com/compute/v1/projects/tb-shared-apigee/regions/asia-south2/subnetworks/default",
              "https://www.googleapis.com/compute/v1/projects/tb-shared-apigee/regions/us-west4/subnetworks/default",
              "https://www.googleapis.com/compute/v1/projects/tb-shared-apigee/regions/europe-north1/subnetworks/default",
              "https://www.googleapis.com/compute/v1/projects/tb-shared-apigee/regions/us-east5/subnetworks/default",
              "https://www.googleapis.com/compute/v1/projects/tb-shared-apigee/regions/southamerica-west1/subnetworks/default",
              "https://www.googleapis.com/compute/v1/projects/tb-shared-apigee/regions/asia-northeast2/subnetworks/default",
              "https://www.googleapis.com/compute/v1/projects/tb-shared-apigee/regions/asia-south1/subnetworks/default",
              "https://www.googleapis.com/compute/v1/projects/tb-shared-apigee/regions/us-south1/subnetworks/default",
              "https://www.googleapis.com/compute/v1/projects/tb-shared-apigee/regions/asia-southeast1/subnetworks/default",
              "https://www.googleapis.com/compute/v1/projects/tb-shared-apigee/regions/europe-southwest1/subnetworks/default",
              "https://www.googleapis.com/compute/v1/projects/tb-shared-apigee/regions/us-west3/subnetworks/default",
              "https://www.googleapis.com/compute/v1/projects/tb-shared-apigee/regions/northamerica-northeast2/subnetworks/default",
              "https://www.googleapis.com/compute/v1/projects/tb-shared-apigee/regions/us-east4/subnetworks/default",
              "https://www.googleapis.com/compute/v1/projects/tb-shared-apigee/regions/europe-west1/subnetworks/default",
              "https://www.googleapis.com/compute/v1/projects/tb-shared-apigee/regions/australia-southeast2/subnetworks/default",
              "https://www.googleapis.com/compute/v1/projects/tb-shared-apigee/regions/europe-west2/subnetworks/default",
              "https://www.googleapis.com/compute/v1/projects/tb-shared-apigee/regions/asia-northeast1/subnetworks/default",
              "https://www.googleapis.com/compute/v1/projects/tb-shared-apigee/regions/southamerica-east1/subnetworks/default",
              "https://www.googleapis.com/compute/v1/projects/tb-shared-apigee/regions/australia-southeast1/subnetworks/default",
              "https://www.googleapis.com/compute/v1/projects/tb-shared-apigee/regions/asia-east2/subnetworks/default",
              "https://www.googleapis.com/compute/v1/projects/tb-shared-apigee/regions/us-central1/subnetworks/default",
              "https://www.googleapis.com/compute/v1/projects/tb-shared-apigee/regions/asia-southeast2/subnetworks/default",
              "https://www.googleapis.com/compute/v1/projects/tb-shared-apigee/regions/us-west2/subnetworks/default",
              "https://www.googleapis.com/compute/v1/projects/tb-shared-apigee/regions/europe-central2/subnetworks/default",
              "https://www.googleapis.com/compute/v1/projects/tb-shared-apigee/regions/asia-northeast3/subnetworks/default",
              "https://www.googleapis.com/compute/v1/projects/tb-shared-apigee/regions/europe-west3/subnetworks/default",
              "https://www.googleapis.com/compute/v1/projects/tb-shared-apigee/regions/europe-west8/subnetworks/default",
              "https://www.googleapis.com/compute/v1/projects/tb-shared-apigee/regions/europe-west4/subnetworks/default",
              "https://www.googleapis.com/compute/v1/projects/tb-shared-apigee/regions/europe-west9/subnetworks/default",
              "https://www.googleapis.com/compute/v1/projects/tb-shared-apigee/regions/me-west1/subnetworks/default",
              "https://www.googleapis.com/compute/v1/projects/tb-shared-apigee/regions/asia-east1/subnetworks/default"
            ]
          },
          "sensitive_attributes": []
        }
      ]
    },
    {
      "module": "module.apigee_x",
      "mode": "data",
      "type": "google_iam_policy",
      "name": "admin",
      "provider": "provider[\"registry.terraform.io/hashicorp/google\"]",
      "instances": [
        {
          "schema_version": 0,
          "attributes": {
            "audit_config": null,
            "binding": [
              {
                "condition": [],
                "members": [
                  "user:YOUR_USER"
                ],
                "role": "roles/viewer"
              }
            ],
            "id": "3462350638",
            "policy_data": "{\"bindings\":[{\"members\":[\"user:YOUR_USER\"],\"role\":\"roles/viewer\"}]}"
          },
          "sensitive_attributes": []
        }
      ]
    },
    {
      "module": "module.apigee_x",
      "mode": "managed",
      "type": "google_apigee_envgroup",
      "name": "apigee_envgroup",
      "provider": "provider[\"registry.terraform.io/hashicorp/google\"]",
      "instances": []
    },
    {
      "module": "module.apigee_x",
      "mode": "managed",
      "type": "google_apigee_envgroup_attachment",
      "name": "env_to_envgroup_attachment",
      "provider": "provider[\"registry.terraform.io/hashicorp/google\"]",
      "instances": []
    },
    {
      "module": "module.apigee_x",
      "mode": "managed",
      "type": "google_apigee_environment",
      "name": "apigee_env",
      "provider": "provider[\"registry.terraform.io/hashicorp/google\"]",
      "instances": []
    },
    {
      "module": "module.apigee_x",
      "mode": "managed",
      "type": "google_apigee_environment_iam_policy",
      "name": "policy",
      "provider": "provider[\"registry.terraform.io/hashicorp/google\"]",
      "instances": []
    },
    {
      "module": "module.apigee_x",
      "mode": "managed",
      "type": "google_apigee_instance",
      "name": "apigee_instance",
      "provider": "provider[\"registry.terraform.io/hashicorp/google\"]",
      "instances": []
    },
    {
      "module": "module.apigee_x",
      "mode": "managed",
      "type": "google_apigee_instance_attachment",
      "name": "apigee_instance_attachment",
      "provider": "provider[\"registry.terraform.io/hashicorp/google\"]",
      "instances": []
    },
    {
      "module": "module.apigee_x",
      "mode": "managed",
      "type": "google_project_service",
      "name": "apigee_api",
      "provider": "provider[\"registry.terraform.io/hashicorp/google\"]",
      "instances": [
        {
          "schema_version": 0,
          "attributes": {
            "disable_dependent_services": null,
            "disable_on_destroy": true,
            "id": "tb-shared-apigee/apigee.googleapis.com",
            "project": "tb-shared-apigee",
            "service": "apigee.googleapis.com",
            "timeouts": null
          },
          "sensitive_attributes": [],
          "private": "eyJlMmJmYjczMC1lY2FhLTExZTYtOGY4OC0zNDM2M2JjN2M0YzAiOnsiY3JlYXRlIjoxMjAwMDAwMDAwMDAwLCJkZWxldGUiOjEyMDAwMDAwMDAwMDAsInJlYWQiOjYwMDAwMDAwMDAwMCwidXBkYXRlIjoxMjAwMDAwMDAwMDAwfX0="
        }
      ]
    }
  ],
  "check_results": []
}
